{
  "originHash" : "1a5db707245cf22ab94eadcdc88c843f8c3dac73dce1484835e180502baf67a5",
  "pins" : [
    {
      "identity" : "safeareabrush",
      "kind" : "remoteSourceControl",
      "location" : "https://github.com/WallabyStuff/SafeAreaBrush.git",
      "state" : {
        "revision" : "4943d253687368afbea7ea09c19530a0361ed613",
        "version" : "1.0.4"
      }
    },
    {
      "identity" : "snapkit",
      "kind" : "remoteSourceControl",
      "location" : "https://github.com/SnapKit/SnapKit",
      "state" : {
        "revision" : "2842e6e84e82eb9a8dac0100ca90d9444b0307f4",
        "version" : "5.7.1"
      }
    },
    {
      "identity" : "then",
      "kind" : "remoteSourceControl",
      "location" : "https://github.com/devxoul/Then",
      "state" : {
        "revision" : "d41ef523faef0f911369f79c0b96815d9dbb6d7a",
        "version" : "3.0.0"
      }
    }
  ],
  "version" : 3
}
