// !$*UTF8*$!
{
	archiveVersion = 1;
	classes = {
	};
	objectVersion = 56;
	objects = {

/* Begin PBXBuildFile section */
		057925392C4FF34A00834EC6 /* MainTabBarController.swift in Sources */ = {isa = PBXBuildFile; fileRef = 057925382C4FF34A00834EC6 /* MainTabBarController.swift */; };
		0579253B2C4FF4CA00834EC6 /* HomeViewController.swift in Sources */ = {isa = PBXBuildFile; fileRef = 0579253A2C4FF4CA00834EC6 /* HomeViewController.swift */; };
		0579253D2C4FF4D100834EC6 /* FirstCategoryViewController.swift in Sources */ = {isa = PBXBuildFile; fileRef = 0579253C2C4FF4D100834EC6 /* FirstCategoryViewController.swift */; };
		0579253F2C4FF4D700834EC6 /* OpenTalkViewController.swift in Sources */ = {isa = PBXBuildFile; fileRef = 0579253E2C4FF4D700834EC6 /* OpenTalkViewController.swift */; };
		057925412C4FF4DC00834EC6 /* GoalViewController.swift in Sources */ = {isa = PBXBuildFile; fileRef = 057925402C4FF4DC00834EC6 /* GoalViewController.swift */; };
		057925432C4FF4E100834EC6 /* MyViewController.swift in Sources */ = {isa = PBXBuildFile; fileRef = 057925422C4FF4E100834EC6 /* MyViewController.swift */; };
		AB22AD3C2C4E8D9D00C9A0F3 /* AppDelegate.swift in Sources */ = {isa = PBXBuildFile; fileRef = AB22AD3B2C4E8D9D00C9A0F3 /* AppDelegate.swift */; };
		AB22AD3E2C4E8D9D00C9A0F3 /* SceneDelegate.swift in Sources */ = {isa = PBXBuildFile; fileRef = AB22AD3D2C4E8D9D00C9A0F3 /* SceneDelegate.swift */; };
		AB22AD452C4E8D9F00C9A0F3 /* Assets.xcassets in Resources */ = {isa = PBXBuildFile; fileRef = AB22AD442C4E8D9F00C9A0F3 /* Assets.xcassets */; };
		AB22AD482C4E8D9F00C9A0F3 /* Base in Resources */ = {isa = PBXBuildFile; fileRef = AB22AD472C4E8D9F00C9A0F3 /* Base */; };
		AB22AD512C4E92C100C9A0F3 /* SnapKit in Frameworks */ = {isa = PBXBuildFile; productRef = AB22AD502C4E92C100C9A0F3 /* SnapKit */; };
		AB22AD542C4E92C700C9A0F3 /* Then in Frameworks */ = {isa = PBXBuildFile; productRef = AB22AD532C4E92C700C9A0F3 /* Then */; };
		AB2E7BC12C525CC700CE43CB /* FirstCategoryType.swift in Sources */ = {isa = PBXBuildFile; fileRef = AB2E7BC02C525CC700CE43CB /* FirstCategoryType.swift */; };
		AB2E7BC72C5260E000CE43CB /* UIColor+.swift in Sources */ = {isa = PBXBuildFile; fileRef = AB2E7BC62C5260E000CE43CB /* UIColor+.swift */; };
		AB2E7BD62C53B36D00CE43CB /* BaseViewController.swift in Sources */ = {isa = PBXBuildFile; fileRef = AB2E7BD52C53B36D00CE43CB /* BaseViewController.swift */; };
		AB2E7BD82C53B37500CE43CB /* Constant.swift in Sources */ = {isa = PBXBuildFile; fileRef = AB2E7BD72C53B37500CE43CB /* Constant.swift */; };
		AB2E7BDA2C53B3F300CE43CB /* SecondCategoryViewController.swift in Sources */ = {isa = PBXBuildFile; fileRef = AB2E7BD92C53B3F300CE43CB /* SecondCategoryViewController.swift */; };
		AB2E7BDC2C53B64800CE43CB /* CategorySectionKind.swift in Sources */ = {isa = PBXBuildFile; fileRef = AB2E7BDB2C53B64800CE43CB /* CategorySectionKind.swift */; };
		AB2E7BDF2C53B70700CE43CB /* SecondCategoryViewModel.swift in Sources */ = {isa = PBXBuildFile; fileRef = AB2E7BDE2C53B70700CE43CB /* SecondCategoryViewModel.swift */; };
		AB2E7BE12C53C16500CE43CB /* BannerCell.swift in Sources */ = {isa = PBXBuildFile; fileRef = AB2E7BE02C53C16500CE43CB /* BannerCell.swift */; };
		AB2E7BE32C53C17100CE43CB /* CategoryTitleCell.swift in Sources */ = {isa = PBXBuildFile; fileRef = AB2E7BE22C53C17100CE43CB /* CategoryTitleCell.swift */; };
		AB2E7BE52C53C97800CE43CB /* CategoryBookCell.swift in Sources */ = {isa = PBXBuildFile; fileRef = AB2E7BE42C53C97800CE43CB /* CategoryBookCell.swift */; };
		AB2E7BE72C53D2A300CE43CB /* ShowAllBookCell.swift in Sources */ = {isa = PBXBuildFile; fileRef = AB2E7BE62C53D2A300CE43CB /* ShowAllBookCell.swift */; };
		AB2E7BEA2C53D69600CE43CB /* BookImageCell.swift in Sources */ = {isa = PBXBuildFile; fileRef = AB2E7BE92C53D69600CE43CB /* BookImageCell.swift */; };
		AB2E7BED2C53DB2200CE43CB /* CategoryBooks.swift in Sources */ = {isa = PBXBuildFile; fileRef = AB2E7BEC2C53DB2200CE43CB /* CategoryBooks.swift */; };
		AB2E7BF22C53EDD800CE43CB /* ThirdCategoryViewController.swift in Sources */ = {isa = PBXBuildFile; fileRef = AB2E7BF12C53EDD800CE43CB /* ThirdCategoryViewController.swift */; };
		AB2E7BF62C53F68200CE43CB /* BookSortType.swift in Sources */ = {isa = PBXBuildFile; fileRef = AB2E7BF52C53F68200CE43CB /* BookSortType.swift */; };
		AB2E7BF82C53F71B00CE43CB /* ThirdCategoryViewModel.swift in Sources */ = {isa = PBXBuildFile; fileRef = AB2E7BF72C53F71B00CE43CB /* ThirdCategoryViewModel.swift */; };
		AB2E7BFA2C54A53900CE43CB /* CategorySelectModaViewController.swift in Sources */ = {isa = PBXBuildFile; fileRef = AB2E7BF92C54A53900CE43CB /* CategorySelectModaViewController.swift */; };
		AB2E7BFE2C5602A500CE43CB /* Category.swift in Sources */ = {isa = PBXBuildFile; fileRef = AB2E7BFD2C5602A500CE43CB /* Category.swift */; };
		ABD10DF82C52514F005F290E /* FirstCategoryCell.swift in Sources */ = {isa = PBXBuildFile; fileRef = ABD10DF72C52514F005F290E /* FirstCategoryCell.swift */; };
/* End PBXBuildFile section */

/* Begin PBXFileReference section */
		057925382C4FF34A00834EC6 /* MainTabBarController.swift */ = {isa = PBXFileReference; lastKnownFileType = sourcecode.swift; path = MainTabBarController.swift; sourceTree = "<group>"; };
		0579253A2C4FF4CA00834EC6 /* HomeViewController.swift */ = {isa = PBXFileReference; lastKnownFileType = sourcecode.swift; path = HomeViewController.swift; sourceTree = "<group>"; };
		0579253C2C4FF4D100834EC6 /* FirstCategoryViewController.swift */ = {isa = PBXFileReference; lastKnownFileType = sourcecode.swift; path = FirstCategoryViewController.swift; sourceTree = "<group>"; };
		0579253E2C4FF4D700834EC6 /* OpenTalkViewController.swift */ = {isa = PBXFileReference; lastKnownFileType = sourcecode.swift; path = OpenTalkViewController.swift; sourceTree = "<group>"; };
		057925402C4FF4DC00834EC6 /* GoalViewController.swift */ = {isa = PBXFileReference; lastKnownFileType = sourcecode.swift; path = GoalViewController.swift; sourceTree = "<group>"; };
		057925422C4FF4E100834EC6 /* MyViewController.swift */ = {isa = PBXFileReference; lastKnownFileType = sourcecode.swift; path = MyViewController.swift; sourceTree = "<group>"; };
		AB22AD382C4E8D9D00C9A0F3 /* BookTalk.app */ = {isa = PBXFileReference; explicitFileType = wrapper.application; includeInIndex = 0; path = BookTalk.app; sourceTree = BUILT_PRODUCTS_DIR; };
		AB22AD3B2C4E8D9D00C9A0F3 /* AppDelegate.swift */ = {isa = PBXFileReference; lastKnownFileType = sourcecode.swift; path = AppDelegate.swift; sourceTree = "<group>"; };
		AB22AD3D2C4E8D9D00C9A0F3 /* SceneDelegate.swift */ = {isa = PBXFileReference; lastKnownFileType = sourcecode.swift; path = SceneDelegate.swift; sourceTree = "<group>"; };
		AB22AD442C4E8D9F00C9A0F3 /* Assets.xcassets */ = {isa = PBXFileReference; lastKnownFileType = folder.assetcatalog; path = Assets.xcassets; sourceTree = "<group>"; };
		AB22AD472C4E8D9F00C9A0F3 /* Base */ = {isa = PBXFileReference; lastKnownFileType = file.storyboard; name = Base; path = Base.lproj/LaunchScreen.storyboard; sourceTree = "<group>"; };
		AB22AD492C4E8D9F00C9A0F3 /* Info.plist */ = {isa = PBXFileReference; lastKnownFileType = text.plist.xml; path = Info.plist; sourceTree = "<group>"; };
		AB2E7BC02C525CC700CE43CB /* FirstCategoryType.swift */ = {isa = PBXFileReference; lastKnownFileType = sourcecode.swift; path = FirstCategoryType.swift; sourceTree = "<group>"; };
		AB2E7BC62C5260E000CE43CB /* UIColor+.swift */ = {isa = PBXFileReference; lastKnownFileType = sourcecode.swift; path = "UIColor+.swift"; sourceTree = "<group>"; };
		AB2E7BD52C53B36D00CE43CB /* BaseViewController.swift */ = {isa = PBXFileReference; lastKnownFileType = sourcecode.swift; path = BaseViewController.swift; sourceTree = "<group>"; };
		AB2E7BD72C53B37500CE43CB /* Constant.swift */ = {isa = PBXFileReference; lastKnownFileType = sourcecode.swift; path = Constant.swift; sourceTree = "<group>"; };
		AB2E7BD92C53B3F300CE43CB /* SecondCategoryViewController.swift */ = {isa = PBXFileReference; lastKnownFileType = sourcecode.swift; path = SecondCategoryViewController.swift; sourceTree = "<group>"; };
		AB2E7BDB2C53B64800CE43CB /* CategorySectionKind.swift */ = {isa = PBXFileReference; lastKnownFileType = sourcecode.swift; path = CategorySectionKind.swift; sourceTree = "<group>"; };
		AB2E7BDE2C53B70700CE43CB /* SecondCategoryViewModel.swift */ = {isa = PBXFileReference; lastKnownFileType = sourcecode.swift; path = SecondCategoryViewModel.swift; sourceTree = "<group>"; };
		AB2E7BE02C53C16500CE43CB /* BannerCell.swift */ = {isa = PBXFileReference; lastKnownFileType = sourcecode.swift; path = BannerCell.swift; sourceTree = "<group>"; };
		AB2E7BE22C53C17100CE43CB /* CategoryTitleCell.swift */ = {isa = PBXFileReference; lastKnownFileType = sourcecode.swift; path = CategoryTitleCell.swift; sourceTree = "<group>"; };
		AB2E7BE42C53C97800CE43CB /* CategoryBookCell.swift */ = {isa = PBXFileReference; lastKnownFileType = sourcecode.swift; path = CategoryBookCell.swift; sourceTree = "<group>"; };
		AB2E7BE62C53D2A300CE43CB /* ShowAllBookCell.swift */ = {isa = PBXFileReference; lastKnownFileType = sourcecode.swift; path = ShowAllBookCell.swift; sourceTree = "<group>"; };
		AB2E7BE92C53D69600CE43CB /* BookImageCell.swift */ = {isa = PBXFileReference; lastKnownFileType = sourcecode.swift; path = BookImageCell.swift; sourceTree = "<group>"; };
		AB2E7BEC2C53DB2200CE43CB /* CategoryBooks.swift */ = {isa = PBXFileReference; lastKnownFileType = sourcecode.swift; path = CategoryBooks.swift; sourceTree = "<group>"; };
		AB2E7BF12C53EDD800CE43CB /* ThirdCategoryViewController.swift */ = {isa = PBXFileReference; lastKnownFileType = sourcecode.swift; path = ThirdCategoryViewController.swift; sourceTree = "<group>"; };
		AB2E7BF52C53F68200CE43CB /* BookSortType.swift */ = {isa = PBXFileReference; lastKnownFileType = sourcecode.swift; path = BookSortType.swift; sourceTree = "<group>"; };
		AB2E7BF72C53F71B00CE43CB /* ThirdCategoryViewModel.swift */ = {isa = PBXFileReference; lastKnownFileType = sourcecode.swift; path = ThirdCategoryViewModel.swift; sourceTree = "<group>"; };
		AB2E7BF92C54A53900CE43CB /* CategorySelectModaViewController.swift */ = {isa = PBXFileReference; lastKnownFileType = sourcecode.swift; path = CategorySelectModaViewController.swift; sourceTree = "<group>"; };
		AB2E7BFD2C5602A500CE43CB /* Category.swift */ = {isa = PBXFileReference; lastKnownFileType = sourcecode.swift; path = Category.swift; sourceTree = "<group>"; };
		ABD10DF72C52514F005F290E /* FirstCategoryCell.swift */ = {isa = PBXFileReference; lastKnownFileType = sourcecode.swift; path = FirstCategoryCell.swift; sourceTree = "<group>"; };
/* End PBXFileReference section */

/* Begin PBXFrameworksBuildPhase section */
		AB22AD352C4E8D9D00C9A0F3 /* Frameworks */ = {
			isa = PBXFrameworksBuildPhase;
			buildActionMask = 2147483647;
			files = (
				AB22AD512C4E92C100C9A0F3 /* SnapKit in Frameworks */,
				AB22AD542C4E92C700C9A0F3 /* Then in Frameworks */,
			);
			runOnlyForDeploymentPostprocessing = 0;
		};
/* End PBXFrameworksBuildPhase section */

/* Begin PBXGroup section */
		057925172C4F927100834EC6 /* Sources */ = {
			isa = PBXGroup;
			children = (
				057925372C4FF31D00834EC6 /* Application */,
				AB2E7BEB2C53DAFE00CE43CB /* Model */,
				057925442C4FF51400834EC6 /* Presentation */,
				AB2E7BC22C5260A100CE43CB /* Util */,
			);
			path = Sources;
			sourceTree = "<group>";
		};
		057925182C4F927C00834EC6 /* Resources */ = {
			isa = PBXGroup;
			children = (
				AB22AD442C4E8D9F00C9A0F3 /* Assets.xcassets */,
				AB22AD462C4E8D9F00C9A0F3 /* LaunchScreen.storyboard */,
			);
			path = Resources;
			sourceTree = "<group>";
		};
		057925372C4FF31D00834EC6 /* Application */ = {
			isa = PBXGroup;
			children = (
				AB22AD3B2C4E8D9D00C9A0F3 /* AppDelegate.swift */,
				AB22AD3D2C4E8D9D00C9A0F3 /* SceneDelegate.swift */,
			);
			path = Application;
			sourceTree = "<group>";
		};
		057925442C4FF51400834EC6 /* Presentation */ = {
			isa = PBXGroup;
			children = (
				ABD10DE62C516D26005F290E /* Category */,
				057925382C4FF34A00834EC6 /* MainTabBarController.swift */,
				0579253A2C4FF4CA00834EC6 /* HomeViewController.swift */,
				0579253E2C4FF4D700834EC6 /* OpenTalkViewController.swift */,
				057925402C4FF4DC00834EC6 /* GoalViewController.swift */,
				057925422C4FF4E100834EC6 /* MyViewController.swift */,
			);
			path = Presentation;
			sourceTree = "<group>";
		};
		AB22AD2F2C4E8D9D00C9A0F3 = {
			isa = PBXGroup;
			children = (
				AB22AD3A2C4E8D9D00C9A0F3 /* BookTalk */,
				AB22AD392C4E8D9D00C9A0F3 /* Products */,
			);
			sourceTree = "<group>";
		};
		AB22AD392C4E8D9D00C9A0F3 /* Products */ = {
			isa = PBXGroup;
			children = (
				AB22AD382C4E8D9D00C9A0F3 /* BookTalk.app */,
			);
			name = Products;
			sourceTree = "<group>";
		};
		AB22AD3A2C4E8D9D00C9A0F3 /* BookTalk */ = {
			isa = PBXGroup;
			children = (
				AB22AD492C4E8D9F00C9A0F3 /* Info.plist */,
				057925182C4F927C00834EC6 /* Resources */,
				057925172C4F927100834EC6 /* Sources */,
			);
			path = BookTalk;
			sourceTree = "<group>";
		};
		AB2E7BC22C5260A100CE43CB /* Util */ = {
			isa = PBXGroup;
			children = (
				AB2E7BC32C5260AB00CE43CB /* Extension */,
				AB2E7BD52C53B36D00CE43CB /* BaseViewController.swift */,
				AB2E7BD72C53B37500CE43CB /* Constant.swift */,
			);
			path = Util;
			sourceTree = "<group>";
		};
		AB2E7BC32C5260AB00CE43CB /* Extension */ = {
			isa = PBXGroup;
			children = (
				AB2E7BC62C5260E000CE43CB /* UIColor+.swift */,
			);
			path = Extension;
			sourceTree = "<group>";
		};
		AB2E7BDD2C53B6FA00CE43CB /* ViewModel */ = {
			isa = PBXGroup;
			children = (
				AB2E7BDE2C53B70700CE43CB /* SecondCategoryViewModel.swift */,
				AB2E7BF72C53F71B00CE43CB /* ThirdCategoryViewModel.swift */,
			);
			path = ViewModel;
			sourceTree = "<group>";
		};
		AB2E7BE82C53D5D400CE43CB /* Enum */ = {
			isa = PBXGroup;
			children = (
				AB2E7BC02C525CC700CE43CB /* FirstCategoryType.swift */,
				AB2E7BDB2C53B64800CE43CB /* CategorySectionKind.swift */,
				AB2E7BF52C53F68200CE43CB /* BookSortType.swift */,
			);
			path = Enum;
			sourceTree = "<group>";
		};
		AB2E7BEB2C53DAFE00CE43CB /* Model */ = {
			isa = PBXGroup;
			children = (
				AB2E7BEE2C53DB6100CE43CB /* Category */,
			);
			path = Model;
			sourceTree = "<group>";
		};
		AB2E7BEE2C53DB6100CE43CB /* Category */ = {
			isa = PBXGroup;
			children = (
				AB2E7BEC2C53DB2200CE43CB /* CategoryBooks.swift */,
				AB2E7BFD2C5602A500CE43CB /* Category.swift */,
			);
			path = Category;
			sourceTree = "<group>";
		};
		AB2E7BEF2C53ED4800CE43CB /* TableViewCell */ = {
			isa = PBXGroup;
			children = (
				AB2E7BE22C53C17100CE43CB /* CategoryTitleCell.swift */,
				AB2E7BE02C53C16500CE43CB /* BannerCell.swift */,
				AB2E7BE42C53C97800CE43CB /* CategoryBookCell.swift */,
				AB2E7BE62C53D2A300CE43CB /* ShowAllBookCell.swift */,
			);
			path = TableViewCell;
			sourceTree = "<group>";
		};
		AB2E7BF02C53ED6300CE43CB /* CollectionViewCell */ = {
			isa = PBXGroup;
			children = (
				ABD10DF72C52514F005F290E /* FirstCategoryCell.swift */,
				AB2E7BE92C53D69600CE43CB /* BookImageCell.swift */,
			);
			path = CollectionViewCell;
			sourceTree = "<group>";
		};
		ABD10DE62C516D26005F290E /* Category */ = {
			isa = PBXGroup;
			children = (
				AB2E7BE82C53D5D400CE43CB /* Enum */,
				ABD10DF32C525112005F290E /* Cell */,
				ABD10DF42C525116005F290E /* View */,
				AB2E7BDD2C53B6FA00CE43CB /* ViewModel */,
			);
			path = Category;
			sourceTree = "<group>";
		};
		ABD10DF32C525112005F290E /* Cell */ = {
			isa = PBXGroup;
			children = (
				AB2E7BEF2C53ED4800CE43CB /* TableViewCell */,
				AB2E7BF02C53ED6300CE43CB /* CollectionViewCell */,
			);
			path = Cell;
			sourceTree = "<group>";
		};
		ABD10DF42C525116005F290E /* View */ = {
			isa = PBXGroup;
			children = (
				0579253C2C4FF4D100834EC6 /* FirstCategoryViewController.swift */,
				AB2E7BD92C53B3F300CE43CB /* SecondCategoryViewController.swift */,
				AB2E7BF12C53EDD800CE43CB /* ThirdCategoryViewController.swift */,
				AB2E7BF92C54A53900CE43CB /* CategorySelectModaViewController.swift */,
			);
			path = View;
			sourceTree = "<group>";
		};
/* End PBXGroup section */

/* Begin PBXNativeTarget section */
		AB22AD372C4E8D9D00C9A0F3 /* BookTalk */ = {
			isa = PBXNativeTarget;
			buildConfigurationList = AB22AD4C2C4E8D9F00C9A0F3 /* Build configuration list for PBXNativeTarget "BookTalk" */;
			buildPhases = (
				AB22AD342C4E8D9D00C9A0F3 /* Sources */,
				AB22AD352C4E8D9D00C9A0F3 /* Frameworks */,
				AB22AD362C4E8D9D00C9A0F3 /* Resources */,
			);
			buildRules = (
			);
			dependencies = (
			);
			name = BookTalk;
			packageProductDependencies = (
				AB22AD502C4E92C100C9A0F3 /* SnapKit */,
				AB22AD532C4E92C700C9A0F3 /* Then */,
			);
			productName = BookTalk;
			productReference = AB22AD382C4E8D9D00C9A0F3 /* BookTalk.app */;
			productType = "com.apple.product-type.application";
		};
/* End PBXNativeTarget section */

/* Begin PBXProject section */
		AB22AD302C4E8D9D00C9A0F3 /* Project object */ = {
			isa = PBXProject;
			attributes = {
				BuildIndependentTargetsInParallel = 1;
				LastSwiftUpdateCheck = 1540;
				LastUpgradeCheck = 1540;
				TargetAttributes = {
					AB22AD372C4E8D9D00C9A0F3 = {
						CreatedOnToolsVersion = 15.4;
					};
				};
			};
			buildConfigurationList = AB22AD332C4E8D9D00C9A0F3 /* Build configuration list for PBXProject "BookTalk" */;
			compatibilityVersion = "Xcode 14.0";
			developmentRegion = en;
			hasScannedForEncodings = 0;
			knownRegions = (
				en,
				Base,
			);
			mainGroup = AB22AD2F2C4E8D9D00C9A0F3;
			packageReferences = (
				AB22AD4F2C4E92C100C9A0F3 /* XCRemoteSwiftPackageReference "SnapKit" */,
				AB22AD522C4E92C700C9A0F3 /* XCRemoteSwiftPackageReference "Then" */,
			);
			productRefGroup = AB22AD392C4E8D9D00C9A0F3 /* Products */;
			projectDirPath = "";
			projectRoot = "";
			targets = (
				AB22AD372C4E8D9D00C9A0F3 /* BookTalk */,
			);
		};
/* End PBXProject section */

/* Begin PBXResourcesBuildPhase section */
		AB22AD362C4E8D9D00C9A0F3 /* Resources */ = {
			isa = PBXResourcesBuildPhase;
			buildActionMask = 2147483647;
			files = (
				AB22AD452C4E8D9F00C9A0F3 /* Assets.xcassets in Resources */,
				AB22AD482C4E8D9F00C9A0F3 /* Base in Resources */,
			);
			runOnlyForDeploymentPostprocessing = 0;
		};
/* End PBXResourcesBuildPhase section */

/* Begin PBXSourcesBuildPhase section */
		AB22AD342C4E8D9D00C9A0F3 /* Sources */ = {
			isa = PBXSourcesBuildPhase;
			buildActionMask = 2147483647;
			files = (
				AB2E7BE52C53C97800CE43CB /* CategoryBookCell.swift in Sources */,
				AB2E7BEA2C53D69600CE43CB /* BookImageCell.swift in Sources */,
				AB2E7BF22C53EDD800CE43CB /* ThirdCategoryViewController.swift in Sources */,
				AB2E7BE32C53C17100CE43CB /* CategoryTitleCell.swift in Sources */,
				057925412C4FF4DC00834EC6 /* GoalViewController.swift in Sources */,
				AB2E7BED2C53DB2200CE43CB /* CategoryBooks.swift in Sources */,
				0579253D2C4FF4D100834EC6 /* FirstCategoryViewController.swift in Sources */,
				AB2E7BFA2C54A53900CE43CB /* CategorySelectModaViewController.swift in Sources */,
				AB22AD3C2C4E8D9D00C9A0F3 /* AppDelegate.swift in Sources */,
				AB2E7BE72C53D2A300CE43CB /* ShowAllBookCell.swift in Sources */,
				AB22AD3E2C4E8D9D00C9A0F3 /* SceneDelegate.swift in Sources */,
				AB2E7BF62C53F68200CE43CB /* BookSortType.swift in Sources */,
				AB2E7BDA2C53B3F300CE43CB /* SecondCategoryViewController.swift in Sources */,
				057925392C4FF34A00834EC6 /* MainTabBarController.swift in Sources */,
				AB2E7BD62C53B36D00CE43CB /* BaseViewController.swift in Sources */,
				AB2E7BE12C53C16500CE43CB /* BannerCell.swift in Sources */,
				AB2E7BDC2C53B64800CE43CB /* CategorySectionKind.swift in Sources */,
				ABD10DF82C52514F005F290E /* FirstCategoryCell.swift in Sources */,
				0579253F2C4FF4D700834EC6 /* OpenTalkViewController.swift in Sources */,
				057925432C4FF4E100834EC6 /* MyViewController.swift in Sources */,
				AB2E7BF82C53F71B00CE43CB /* ThirdCategoryViewModel.swift in Sources */,
				AB2E7BD82C53B37500CE43CB /* Constant.swift in Sources */,
				AB2E7BC12C525CC700CE43CB /* FirstCategoryType.swift in Sources */,
				AB2E7BFE2C5602A500CE43CB /* Category.swift in Sources */,
				0579253B2C4FF4CA00834EC6 /* HomeViewController.swift in Sources */,
				AB2E7BDF2C53B70700CE43CB /* SecondCategoryViewModel.swift in Sources */,
				AB2E7BC72C5260E000CE43CB /* UIColor+.swift in Sources */,
			);
			runOnlyForDeploymentPostprocessing = 0;
		};
/* End PBXSourcesBuildPhase section */

/* Begin PBXVariantGroup section */
		AB22AD462C4E8D9F00C9A0F3 /* LaunchScreen.storyboard */ = {
			isa = PBXVariantGroup;
			children = (
				AB22AD472C4E8D9F00C9A0F3 /* Base */,
			);
			name = LaunchScreen.storyboard;
			sourceTree = "<group>";
		};
/* End PBXVariantGroup section */

/* Begin XCBuildConfiguration section */
		AB22AD4A2C4E8D9F00C9A0F3 /* Debug */ = {
			isa = XCBuildConfiguration;
			buildSettings = {
				ALWAYS_SEARCH_USER_PATHS = NO;
				ASSETCATALOG_COMPILER_GENERATE_SWIFT_ASSET_SYMBOL_EXTENSIONS = YES;
				CLANG_ANALYZER_NONNULL = YES;
				CLANG_ANALYZER_NUMBER_OBJECT_CONVERSION = YES_AGGRESSIVE;
				CLANG_CXX_LANGUAGE_STANDARD = "gnu++20";
				CLANG_ENABLE_MODULES = YES;
				CLANG_ENABLE_OBJC_ARC = YES;
				CLANG_ENABLE_OBJC_WEAK = YES;
				CLANG_WARN_BLOCK_CAPTURE_AUTORELEASING = YES;
				CLANG_WARN_BOOL_CONVERSION = YES;
				CLANG_WARN_COMMA = YES;
				CLANG_WARN_CONSTANT_CONVERSION = YES;
				CLANG_WARN_DEPRECATED_OBJC_IMPLEMENTATIONS = YES;
				CLANG_WARN_DIRECT_OBJC_ISA_USAGE = YES_ERROR;
				CLANG_WARN_DOCUMENTATION_COMMENTS = YES;
				CLANG_WARN_EMPTY_BODY = YES;
				CLANG_WARN_ENUM_CONVERSION = YES;
				CLANG_WARN_INFINITE_RECURSION = YES;
				CLANG_WARN_INT_CONVERSION = YES;
				CLANG_WARN_NON_LITERAL_NULL_CONVERSION = YES;
				CLANG_WARN_OBJC_IMPLICIT_RETAIN_SELF = YES;
				CLANG_WARN_OBJC_LITERAL_CONVERSION = YES;
				CLANG_WARN_OBJC_ROOT_CLASS = YES_ERROR;
				CLANG_WARN_QUOTED_INCLUDE_IN_FRAMEWORK_HEADER = YES;
				CLANG_WARN_RANGE_LOOP_ANALYSIS = YES;
				CLANG_WARN_STRICT_PROTOTYPES = YES;
				CLANG_WARN_SUSPICIOUS_MOVE = YES;
				CLANG_WARN_UNGUARDED_AVAILABILITY = YES_AGGRESSIVE;
				CLANG_WARN_UNREACHABLE_CODE = YES;
				CLANG_WARN__DUPLICATE_METHOD_MATCH = YES;
				COPY_PHASE_STRIP = NO;
				DEBUG_INFORMATION_FORMAT = dwarf;
				ENABLE_STRICT_OBJC_MSGSEND = YES;
				ENABLE_TESTABILITY = YES;
				ENABLE_USER_SCRIPT_SANDBOXING = YES;
				GCC_C_LANGUAGE_STANDARD = gnu17;
				GCC_DYNAMIC_NO_PIC = NO;
				GCC_NO_COMMON_BLOCKS = YES;
				GCC_OPTIMIZATION_LEVEL = 0;
				GCC_PREPROCESSOR_DEFINITIONS = (
					"DEBUG=1",
					"$(inherited)",
				);
				GCC_WARN_64_TO_32_BIT_CONVERSION = YES;
				GCC_WARN_ABOUT_RETURN_TYPE = YES_ERROR;
				GCC_WARN_UNDECLARED_SELECTOR = YES;
				GCC_WARN_UNINITIALIZED_AUTOS = YES_AGGRESSIVE;
				GCC_WARN_UNUSED_FUNCTION = YES;
				GCC_WARN_UNUSED_VARIABLE = YES;
				IPHONEOS_DEPLOYMENT_TARGET = 15.0;
				LOCALIZATION_PREFERS_STRING_CATALOGS = YES;
				MTL_ENABLE_DEBUG_INFO = INCLUDE_SOURCE;
				MTL_FAST_MATH = YES;
				ONLY_ACTIVE_ARCH = YES;
				SDKROOT = iphoneos;
				SWIFT_ACTIVE_COMPILATION_CONDITIONS = "DEBUG $(inherited)";
				SWIFT_OPTIMIZATION_LEVEL = "-Onone";
			};
			name = Debug;
		};
		AB22AD4B2C4E8D9F00C9A0F3 /* Release */ = {
			isa = XCBuildConfiguration;
			buildSettings = {
				ALWAYS_SEARCH_USER_PATHS = NO;
				ASSETCATALOG_COMPILER_GENERATE_SWIFT_ASSET_SYMBOL_EXTENSIONS = YES;
				CLANG_ANALYZER_NONNULL = YES;
				CLANG_ANALYZER_NUMBER_OBJECT_CONVERSION = YES_AGGRESSIVE;
				CLANG_CXX_LANGUAGE_STANDARD = "gnu++20";
				CLANG_ENABLE_MODULES = YES;
				CLANG_ENABLE_OBJC_ARC = YES;
				CLANG_ENABLE_OBJC_WEAK = YES;
				CLANG_WARN_BLOCK_CAPTURE_AUTORELEASING = YES;
				CLANG_WARN_BOOL_CONVERSION = YES;
				CLANG_WARN_COMMA = YES;
				CLANG_WARN_CONSTANT_CONVERSION = YES;
				CLANG_WARN_DEPRECATED_OBJC_IMPLEMENTATIONS = YES;
				CLANG_WARN_DIRECT_OBJC_ISA_USAGE = YES_ERROR;
				CLANG_WARN_DOCUMENTATION_COMMENTS = YES;
				CLANG_WARN_EMPTY_BODY = YES;
				CLANG_WARN_ENUM_CONVERSION = YES;
				CLANG_WARN_INFINITE_RECURSION = YES;
				CLANG_WARN_INT_CONVERSION = YES;
				CLANG_WARN_NON_LITERAL_NULL_CONVERSION = YES;
				CLANG_WARN_OBJC_IMPLICIT_RETAIN_SELF = YES;
				CLANG_WARN_OBJC_LITERAL_CONVERSION = YES;
				CLANG_WARN_OBJC_ROOT_CLASS = YES_ERROR;
				CLANG_WARN_QUOTED_INCLUDE_IN_FRAMEWORK_HEADER = YES;
				CLANG_WARN_RANGE_LOOP_ANALYSIS = YES;
				CLANG_WARN_STRICT_PROTOTYPES = YES;
				CLANG_WARN_SUSPICIOUS_MOVE = YES;
				CLANG_WARN_UNGUARDED_AVAILABILITY = YES_AGGRESSIVE;
				CLANG_WARN_UNREACHABLE_CODE = YES;
				CLANG_WARN__DUPLICATE_METHOD_MATCH = YES;
				COPY_PHASE_STRIP = NO;
				DEBUG_INFORMATION_FORMAT = "dwarf-with-dsym";
				ENABLE_NS_ASSERTIONS = NO;
				ENABLE_STRICT_OBJC_MSGSEND = YES;
				ENABLE_USER_SCRIPT_SANDBOXING = YES;
				GCC_C_LANGUAGE_STANDARD = gnu17;
				GCC_NO_COMMON_BLOCKS = YES;
				GCC_WARN_64_TO_32_BIT_CONVERSION = YES;
				GCC_WARN_ABOUT_RETURN_TYPE = YES_ERROR;
				GCC_WARN_UNDECLARED_SELECTOR = YES;
				GCC_WARN_UNINITIALIZED_AUTOS = YES_AGGRESSIVE;
				GCC_WARN_UNUSED_FUNCTION = YES;
				GCC_WARN_UNUSED_VARIABLE = YES;
				IPHONEOS_DEPLOYMENT_TARGET = 15.0;
				LOCALIZATION_PREFERS_STRING_CATALOGS = YES;
				MTL_ENABLE_DEBUG_INFO = NO;
				MTL_FAST_MATH = YES;
				SDKROOT = iphoneos;
				SWIFT_COMPILATION_MODE = wholemodule;
				VALIDATE_PRODUCT = YES;
			};
			name = Release;
		};
		AB22AD4D2C4E8D9F00C9A0F3 /* Debug */ = {
			isa = XCBuildConfiguration;
			buildSettings = {
				ASSETCATALOG_COMPILER_APPICON_NAME = AppIcon;
				ASSETCATALOG_COMPILER_GLOBAL_ACCENT_COLOR_NAME = AccentColor;
				CODE_SIGN_STYLE = Automatic;
				CURRENT_PROJECT_VERSION = 1;
				DEVELOPMENT_TEAM = BTX96P3YD4;
				GENERATE_INFOPLIST_FILE = YES;
				INFOPLIST_FILE = BookTalk/Info.plist;
				INFOPLIST_KEY_LSApplicationCategoryType = "public.app-category.books";
				INFOPLIST_KEY_UIApplicationSupportsIndirectInputEvents = YES;
				INFOPLIST_KEY_UILaunchStoryboardName = LaunchScreen;
				INFOPLIST_KEY_UIMainStoryboardFile = "";
				INFOPLIST_KEY_UIStatusBarStyle = UIStatusBarStyleLightContent;
				INFOPLIST_KEY_UISupportedInterfaceOrientations = UIInterfaceOrientationPortrait;
				INFOPLIST_KEY_UISupportedInterfaceOrientations_iPad = "UIInterfaceOrientationLandscapeLeft UIInterfaceOrientationLandscapeRight UIInterfaceOrientationPortrait UIInterfaceOrientationPortraitUpsideDown";
				INFOPLIST_KEY_UIUserInterfaceStyle = Light;
				IPHONEOS_DEPLOYMENT_TARGET = 15.0;
				LD_RUNPATH_SEARCH_PATHS = (
					"$(inherited)",
					"@executable_path/Frameworks",
				);
				MARKETING_VERSION = 1.0;
				PRODUCT_BUNDLE_IDENTIFIER = min.BookTalk;
				PRODUCT_NAME = "$(TARGET_NAME)";
				SUPPORTED_PLATFORMS = "iphoneos iphonesimulator";
				SUPPORTS_MACCATALYST = NO;
				SUPPORTS_MAC_DESIGNED_FOR_IPHONE_IPAD = NO;
				SUPPORTS_XR_DESIGNED_FOR_IPHONE_IPAD = NO;
				SWIFT_EMIT_LOC_STRINGS = YES;
				SWIFT_VERSION = 5.0;
				TARGETED_DEVICE_FAMILY = 1;
			};
			name = Debug;
		};
		AB22AD4E2C4E8D9F00C9A0F3 /* Release */ = {
			isa = XCBuildConfiguration;
			buildSettings = {
				ASSETCATALOG_COMPILER_APPICON_NAME = AppIcon;
				ASSETCATALOG_COMPILER_GLOBAL_ACCENT_COLOR_NAME = AccentColor;
				CODE_SIGN_STYLE = Automatic;
				CURRENT_PROJECT_VERSION = 1;
				DEVELOPMENT_TEAM = BTX96P3YD4;
				GENERATE_INFOPLIST_FILE = YES;
				INFOPLIST_FILE = BookTalk/Info.plist;
				INFOPLIST_KEY_LSApplicationCategoryType = "public.app-category.books";
				INFOPLIST_KEY_UIApplicationSupportsIndirectInputEvents = YES;
				INFOPLIST_KEY_UILaunchStoryboardName = LaunchScreen;
				INFOPLIST_KEY_UIMainStoryboardFile = "";
				INFOPLIST_KEY_UIStatusBarStyle = UIStatusBarStyleLightContent;
				INFOPLIST_KEY_UISupportedInterfaceOrientations = UIInterfaceOrientationPortrait;
				INFOPLIST_KEY_UISupportedInterfaceOrientations_iPad = "UIInterfaceOrientationLandscapeLeft UIInterfaceOrientationLandscapeRight UIInterfaceOrientationPortrait UIInterfaceOrientationPortraitUpsideDown";
				INFOPLIST_KEY_UIUserInterfaceStyle = Light;
				IPHONEOS_DEPLOYMENT_TARGET = 15.0;
				LD_RUNPATH_SEARCH_PATHS = (
					"$(inherited)",
					"@executable_path/Frameworks",
				);
				MARKETING_VERSION = 1.0;
				PRODUCT_BUNDLE_IDENTIFIER = min.BookTalk;
				PRODUCT_NAME = "$(TARGET_NAME)";
				SUPPORTED_PLATFORMS = "iphoneos iphonesimulator";
				SUPPORTS_MACCATALYST = NO;
				SUPPORTS_MAC_DESIGNED_FOR_IPHONE_IPAD = NO;
				SUPPORTS_XR_DESIGNED_FOR_IPHONE_IPAD = NO;
				SWIFT_EMIT_LOC_STRINGS = YES;
				SWIFT_VERSION = 5.0;
				TARGETED_DEVICE_FAMILY = 1;
			};
			name = Release;
		};
/* End XCBuildConfiguration section */

/* Begin XCConfigurationList section */
		AB22AD332C4E8D9D00C9A0F3 /* Build configuration list for PBXProject "BookTalk" */ = {
			isa = XCConfigurationList;
			buildConfigurations = (
				AB22AD4A2C4E8D9F00C9A0F3 /* Debug */,
				AB22AD4B2C4E8D9F00C9A0F3 /* Release */,
			);
			defaultConfigurationIsVisible = 0;
			defaultConfigurationName = Release;
		};
		AB22AD4C2C4E8D9F00C9A0F3 /* Build configuration list for PBXNativeTarget "BookTalk" */ = {
			isa = XCConfigurationList;
			buildConfigurations = (
				AB22AD4D2C4E8D9F00C9A0F3 /* Debug */,
				AB22AD4E2C4E8D9F00C9A0F3 /* Release */,
			);
			defaultConfigurationIsVisible = 0;
			defaultConfigurationName = Release;
		};
/* End XCConfigurationList section */

/* Begin XCRemoteSwiftPackageReference section */
		AB22AD4F2C4E92C100C9A0F3 /* XCRemoteSwiftPackageReference "SnapKit" */ = {
			isa = XCRemoteSwiftPackageReference;
			repositoryURL = "https://github.com/SnapKit/SnapKit";
			requirement = {
				kind = upToNextMajorVersion;
				minimumVersion = 5.7.1;
			};
		};
		AB22AD522C4E92C700C9A0F3 /* XCRemoteSwiftPackageReference "Then" */ = {
			isa = XCRemoteSwiftPackageReference;
			repositoryURL = "https://github.com/devxoul/Then";
			requirement = {
				kind = upToNextMajorVersion;
				minimumVersion = 3.0.0;
			};
		};
/* End XCRemoteSwiftPackageReference section */

/* Begin XCSwiftPackageProductDependency section */
		AB22AD502C4E92C100C9A0F3 /* SnapKit */ = {
			isa = XCSwiftPackageProductDependency;
			package = AB22AD4F2C4E92C100C9A0F3 /* XCRemoteSwiftPackageReference "SnapKit" */;
			productName = SnapKit;
		};
		AB22AD532C4E92C700C9A0F3 /* Then */ = {
			isa = XCSwiftPackageProductDependency;
			package = AB22AD522C4E92C700C9A0F3 /* XCRemoteSwiftPackageReference "Then" */;
			productName = Then;
		};
/* End XCSwiftPackageProductDependency section */
	};
	rootObject = AB22AD302C4E8D9D00C9A0F3 /* Project object */;
}
